
Microsoft Visual Studio Solution File, Format Version 12.00
# Visual Studio Version 17
VisualStudioVersion = 17.5.33502.453
MinimumVisualStudioVersion = 10.0.40219.1
Project("{FAE04EC0-301F-11D3-BF4B-00C04F79EFBC}") = "ExercicioTreinamento01", "ExercicioTreinamento01\ExercicioTreinamento01.csproj", "{BEB7BFE6-BE9E-4390-A336-499206C503D8}"
EndProject
Global
	GlobalSection(SolutionConfigurationPlatforms) = preSolution
		Debug|Any CPU = Debug|Any CPU
		Release|Any CPU = Release|Any CPU
	EndGlobalSection
	GlobalSection(ProjectConfigurationPlatforms) = postSolution
		{BEB7BFE6-BE9E-4390-A336-499206C503D8}.Debug|Any CPU.ActiveCfg = Debug|Any CPU
		{BEB7BFE6-BE9E-4390-A336-499206C503D8}.Debug|Any CPU.Build.0 = Debug|Any CPU
		{BEB7BFE6-BE9E-4390-A336-499206C503D8}.Release|Any CPU.ActiveCfg = Release|Any CPU
		{BEB7BFE6-BE9E-4390-A336-499206C503D8}.Release|Any CPU.Build.0 = Release|Any CPU
	EndGlobalSection
	GlobalSection(SolutionProperties) = preSolution
		HideSolutionNode = FALSE
	EndGlobalSection
	GlobalSection(ExtensibilityGlobals) = postSolution
		SolutionGuid = {8D40CB59-FE7D-4B88-B313-398847A92020}
	EndGlobalSection
EndGlobal
