
Microsoft Visual Studio Solution File, Format Version 12.00
# Visual Studio Version 17
VisualStudioVersion = 17.4.33213.308
MinimumVisualStudioVersion = 10.0.40219.1
Project("{FAE04EC0-301F-11D3-BF4B-00C04F79EFBC}") = "Exercicio01", "Exercicio01\Exercicio01.csproj", "{3893237E-28F6-4D09-B0C4-1740C375C52B}"
EndProject
Global
	GlobalSection(SolutionConfigurationPlatforms) = preSolution
		Debug|Any CPU = Debug|Any CPU
		Release|Any CPU = Release|Any CPU
	EndGlobalSection
	GlobalSection(ProjectConfigurationPlatforms) = postSolution
		{3893237E-28F6-4D09-B0C4-1740C375C52B}.Debug|Any CPU.ActiveCfg = Debug|Any CPU
		{3893237E-28F6-4D09-B0C4-1740C375C52B}.Debug|Any CPU.Build.0 = Debug|Any CPU
		{3893237E-28F6-4D09-B0C4-1740C375C52B}.Release|Any CPU.ActiveCfg = Release|Any CPU
		{3893237E-28F6-4D09-B0C4-1740C375C52B}.Release|Any CPU.Build.0 = Release|Any CPU
	EndGlobalSection
	GlobalSection(SolutionProperties) = preSolution
		HideSolutionNode = FALSE
	EndGlobalSection
	GlobalSection(ExtensibilityGlobals) = postSolution
		SolutionGuid = {BA061A79-F7CB-4EE4-B565-0D5B859FE429}
	EndGlobalSection
EndGlobal
